PODS:
  - ADAL (2.7.7):
    - ADAL/app-lib (= 2.7.7)
  - ADAL/app-lib (2.7.7):
    - ADAL/tokencacheheader
  - ADAL/tokencacheheader (2.7.7)
  - AzureSpatialAnchors (2.9.0)

DEPENDENCIES:
  - ADAL (from `https://github.com/AzureAD/azure-activedirectory-library-for-objc`, tag `2.7.7`)
  - AzureSpatialAnchors (= 2.9.0)

SPEC REPOS:
  trunk:
    - AzureSpatialAnchors

EXTERNAL SOURCES:
  ADAL:
    :git: https://github.com/AzureAD/azure-activedirectory-library-for-objc
    :submodules: true
    :tag: 2.7.7

CHECKOUT OPTIONS:
  ADAL:
    :git: https://github.com/AzureAD/azure-activedirectory-library-for-objc
    :submodules: true
    :tag: 2.7.7

SPEC CHECKSUMS:
  ADAL: 9e3c223a31c61200e7c2e22e6beebee7b4d16991
  AzureSpatialAnchors: c7d38bd1c24458bf85b7b6187de09f5b08ac6daa

PODFILE CHECKSUM: 9c999c93de0c5bcac7ef36d0593bf036f6ae4dae

COCOAPODS: 1.10.1
